
Microsoft Visual Studio Solution File, Format Version 12.00
# Visual Studio Version 17
VisualStudioVersion = 17.0.32112.339
MinimumVisualStudioVersion = 10.0.40219.1
Project("{FAE04EC0-301F-11D3-BF4B-00C04F79EFBC}") = "OSD", "OSD\OSD.csproj", "{3779399A-C2F1-4B80-813A-112EF0EE5BFF}"
EndProject
Global
	GlobalSection(SolutionConfigurationPlatforms) = preSolution
		Debug|Any CPU = Debug|Any CPU
		Release|Any CPU = Release|Any CPU
	EndGlobalSection
	GlobalSection(ProjectConfigurationPlatforms) = postSolution
		{3779399A-C2F1-4B80-813A-112EF0EE5BFF}.Debug|Any CPU.ActiveCfg = Debug|Any CPU
		{3779399A-C2F1-4B80-813A-112EF0EE5BFF}.Debug|Any CPU.Build.0 = Debug|Any CPU
		{3779399A-C2F1-4B80-813A-112EF0EE5BFF}.Release|Any CPU.ActiveCfg = Release|Any CPU
		{3779399A-C2F1-4B80-813A-112EF0EE5BFF}.Release|Any CPU.Build.0 = Release|Any CPU
	EndGlobalSection
	GlobalSection(SolutionProperties) = preSolution
		HideSolutionNode = FALSE
	EndGlobalSection
	GlobalSection(ExtensibilityGlobals) = postSolution
		SolutionGuid = {7D3CEDA9-A41A-4286-B8DF-B7CAC06D488D}
	EndGlobalSection
EndGlobal
